
Microsoft Visual Studio Solution File, Format Version 12.00
# Visual Studio 15
VisualStudioVersion = 15.0.27130.2027
MinimumVisualStudioVersion = 10.0.40219.1
Project("{9A19103F-16F7-4668-BE54-9A1E7A4F7556}") = "PeopleSearch", "PeopleSearch\PeopleSearch.csproj", "{120679F9-786F-4224-BB26-3D5D7EC9B233}"
EndProject
Project("{FAE04EC0-301F-11D3-BF4B-00C04F79EFBC}") = "PeopleSearch.Test", "PeopleSearch.Test\PeopleSearch.Test.csproj", "{9FBA8AB8-773F-42DD-AC3A-1553D6DA47AE}"
EndProject
Global
	GlobalSection(SolutionConfigurationPlatforms) = preSolution
		Debug|Any CPU = Debug|Any CPU
		Release|Any CPU = Release|Any CPU
	EndGlobalSection
	GlobalSection(ProjectConfigurationPlatforms) = postSolution
		{120679F9-786F-4224-BB26-3D5D7EC9B233}.Debug|Any CPU.ActiveCfg = Debug|Any CPU
		{120679F9-786F-4224-BB26-3D5D7EC9B233}.Debug|Any CPU.Build.0 = Debug|Any CPU
		{120679F9-786F-4224-BB26-3D5D7EC9B233}.Release|Any CPU.ActiveCfg = Release|Any CPU
		{120679F9-786F-4224-BB26-3D5D7EC9B233}.Release|Any CPU.Build.0 = Release|Any CPU
		{9FBA8AB8-773F-42DD-AC3A-1553D6DA47AE}.Debug|Any CPU.ActiveCfg = Debug|Any CPU
		{9FBA8AB8-773F-42DD-AC3A-1553D6DA47AE}.Debug|Any CPU.Build.0 = Debug|Any CPU
		{9FBA8AB8-773F-42DD-AC3A-1553D6DA47AE}.Release|Any CPU.ActiveCfg = Release|Any CPU
		{9FBA8AB8-773F-42DD-AC3A-1553D6DA47AE}.Release|Any CPU.Build.0 = Release|Any CPU
	EndGlobalSection
	GlobalSection(SolutionProperties) = preSolution
		HideSolutionNode = FALSE
	EndGlobalSection
	GlobalSection(ExtensibilityGlobals) = postSolution
		SolutionGuid = {67A015EC-8EBE-4356-860D-4BEC9146A0F2}
	EndGlobalSection
EndGlobal
